
Microsoft Visual Studio Solution File, Format Version 12.00
# Visual Studio Version 17
VisualStudioVersion = 17.0.31903.59
MinimumVisualStudioVersion = 10.0.40219.1
Project("{2150E333-8FDC-42A3-9474-1A3956D46DE8}") = "src", "src", "{827E0CD3-B72D-47B6-A68D-7590B98EB39B}"
EndProject
Project("{2150E333-8FDC-42A3-9474-1A3956D46DE8}") = "BuildingBlocks", "BuildingBlocks", "{90298CBA-BD6F-3A0A-69D5-97CAD7B05E7E}"
EndProject
Project("{2150E333-8FDC-42A3-9474-1A3956D46DE8}") = "Contracts", "Contracts", "{6A36946C-4F06-BE70-24E6-0B0F125A7F9F}"
EndProject
Project("{2150E333-8FDC-42A3-9474-1A3956D46DE8}") = "Services", "Services", "{D0F6299E-1790-4CA6-8E91-3B2AD1C1F3E6}"
EndProject
Project("{2150E333-8FDC-42A3-9474-1A3956D46DE8}") = "Identity", "Identity", "{2A0F6A5F-4817-48B3-86C1-8F3FDC0B6161}"
EndProject
Project("{FAE04EC0-301F-11D3-BF4B-00C04F79EFBC}") = "MicroShop.BuildingBlocks.Contracts", "src\BuildingBlocks\Contracts\MicroShop.BuildingBlocks.Contracts.csproj", "{8D2723A3-4694-4410-8095-E4136A866A4C}"
EndProject
Project("{FAE04EC0-301F-11D3-BF4B-00C04F79EFBC}") = "MicroShop.BuildingBlocks.Abstractions", "src\BuildingBlocks\Abstractions\MicroShop.BuildingBlocks.Abstractions.csproj", "{B5CBECA7-744E-44A3-865E-2201B6A57807}"
EndProject
Project("{FAE04EC0-301F-11D3-BF4B-00C04F79EFBC}") = "MicroShop.BuildingBlocks.Abstractions.Tests", "tests\BuildingBlocks.Abstractions.Tests\MicroShop.BuildingBlocks.Abstractions.Tests.csproj", "{B00518C5-E239-4C3C-9FCC-B773421E1E6C}"
EndProject
Project("{FAE04EC0-301F-11D3-BF4B-00C04F79EFBC}") = "MicroShop.Services.Dummy.API", "samples\Dummy\Dummy.API\MicroShop.Services.Dummy.API.csproj", "{FA2ACC5D-3812-4A5D-BBE4-E76619FF9CA6}"
EndProject
Project("{FAE04EC0-301F-11D3-BF4B-00C04F79EFBC}") = "MicroShop.Services.Identity.Domain", "src\Services\Identity\Identity.Domain\MicroShop.Services.Identity.Domain.csproj", "{8A6F4B5A-5E32-4C41-AAC6-F9B1882D5C37}"
EndProject
Project("{FAE04EC0-301F-11D3-BF4B-00C04F79EFBC}") = "MicroShop.Services.Identity.Application", "src\Services\Identity\Identity.Application\MicroShop.Services.Identity.Application.csproj", "{9FDE3BC5-3FA0-4F77-80B1-EB65599B7186}"
EndProject
Project("{FAE04EC0-301F-11D3-BF4B-00C04F79EFBC}") = "MicroShop.Services.Identity.Infrastructure", "src\Services\Identity\Identity.Infrastructure\MicroShop.Services.Identity.Infrastructure.csproj", "{6F9E7D34-5632-4BE7-A5CF-0A9B4F15B195}"
EndProject
Project("{FAE04EC0-301F-11D3-BF4B-00C04F79EFBC}") = "MicroShop.Services.Identity.API", "src\Services\Identity\Identity.API\MicroShop.Services.Identity.API.csproj", "{4EBF3F3C-1EC0-4F4D-A8F2-3940877F588E}"
EndProject
Project("{FAE04EC0-301F-11D3-BF4B-00C04F79EFBC}") = "MicroShop.Services.Identity.UnitTests", "tests\Services\Identity\Identity.UnitTests\MicroShop.Services.Identity.UnitTests.csproj", "{E2B62291-0D4C-4E8C-8B1E-3F7BE395C98C}"
EndProject
Project("{FAE04EC0-301F-11D3-BF4B-00C04F79EFBC}") = "MicroShop.Services.Identity.IntegrationTests", "tests\Services\Identity\Identity.IntegrationTests\MicroShop.Services.Identity.IntegrationTests.csproj", "{B74E81BE-73A1-4B21-882D-5F6F13BA7F2F}"
EndProject
Global
	GlobalSection(SolutionConfigurationPlatforms) = preSolution
		Debug|Any CPU = Debug|Any CPU
		Debug|x64 = Debug|x64
		Debug|x86 = Debug|x86
		Release|Any CPU = Release|Any CPU
		Release|x64 = Release|x64
		Release|x86 = Release|x86
	EndGlobalSection
	GlobalSection(ProjectConfigurationPlatforms) = postSolution
		{8D2723A3-4694-4410-8095-E4136A866A4C}.Debug|Any CPU.ActiveCfg = Debug|Any CPU
		{8D2723A3-4694-4410-8095-E4136A866A4C}.Debug|Any CPU.Build.0 = Debug|Any CPU
		{8D2723A3-4694-4410-8095-E4136A866A4C}.Debug|x64.ActiveCfg = Debug|Any CPU
		{8D2723A3-4694-4410-8095-E4136A866A4C}.Debug|x64.Build.0 = Debug|Any CPU
		{8D2723A3-4694-4410-8095-E4136A866A4C}.Debug|x86.ActiveCfg = Debug|Any CPU
		{8D2723A3-4694-4410-8095-E4136A866A4C}.Debug|x86.Build.0 = Debug|Any CPU
		{8D2723A3-4694-4410-8095-E4136A866A4C}.Release|Any CPU.ActiveCfg = Release|Any CPU
		{8D2723A3-4694-4410-8095-E4136A866A4C}.Release|Any CPU.Build.0 = Release|Any CPU
		{8D2723A3-4694-4410-8095-E4136A866A4C}.Release|x64.ActiveCfg = Release|Any CPU
		{8D2723A3-4694-4410-8095-E4136A866A4C}.Release|x64.Build.0 = Release|Any CPU
		{8D2723A3-4694-4410-8095-E4136A866A4C}.Release|x86.ActiveCfg = Release|Any CPU
		{8D2723A3-4694-4410-8095-E4136A866A4C}.Release|x86.Build.0 = Release|Any CPU
		{B5CBECA7-744E-44A3-865E-2201B6A57807}.Debug|Any CPU.ActiveCfg = Debug|Any CPU
		{B5CBECA7-744E-44A3-865E-2201B6A57807}.Debug|Any CPU.Build.0 = Debug|Any CPU
		{B5CBECA7-744E-44A3-865E-2201B6A57807}.Debug|x64.ActiveCfg = Debug|Any CPU
		{B5CBECA7-744E-44A3-865E-2201B6A57807}.Debug|x64.Build.0 = Debug|Any CPU
		{B5CBECA7-744E-44A3-865E-2201B6A57807}.Debug|x86.ActiveCfg = Debug|Any CPU
		{B5CBECA7-744E-44A3-865E-2201B6A57807}.Debug|x86.Build.0 = Debug|Any CPU
		{B5CBECA7-744E-44A3-865E-2201B6A57807}.Release|Any CPU.ActiveCfg = Release|Any CPU
		{B5CBECA7-744E-44A3-865E-2201B6A57807}.Release|Any CPU.Build.0 = Release|Any CPU
		{B5CBECA7-744E-44A3-865E-2201B6A57807}.Release|x64.ActiveCfg = Release|Any CPU
		{B5CBECA7-744E-44A3-865E-2201B6A57807}.Release|x64.Build.0 = Release|Any CPU
		{B5CBECA7-744E-44A3-865E-2201B6A57807}.Release|x86.ActiveCfg = Release|Any CPU
		{B5CBECA7-744E-44A3-865E-2201B6A57807}.Release|x86.Build.0 = Release|Any CPU
		{B00518C5-E239-4C3C-9FCC-B773421E1E6C}.Debug|Any CPU.ActiveCfg = Debug|Any CPU
		{B00518C5-E239-4C3C-9FCC-B773421E1E6C}.Debug|Any CPU.Build.0 = Debug|Any CPU
		{B00518C5-E239-4C3C-9FCC-B773421E1E6C}.Debug|x64.ActiveCfg = Debug|Any CPU
		{B00518C5-E239-4C3C-9FCC-B773421E1E6C}.Debug|x64.Build.0 = Debug|Any CPU
		{B00518C5-E239-4C3C-9FCC-B773421E1E6C}.Debug|x86.ActiveCfg = Debug|Any CPU
		{B00518C5-E239-4C3C-9FCC-B773421E1E6C}.Debug|x86.Build.0 = Debug|Any CPU
		{B00518C5-E239-4C3C-9FCC-B773421E1E6C}.Release|Any CPU.ActiveCfg = Release|Any CPU
		{B00518C5-E239-4C3C-9FCC-B773421E1E6C}.Release|Any CPU.Build.0 = Release|Any CPU
		{B00518C5-E239-4C3C-9FCC-B773421E1E6C}.Release|x64.ActiveCfg = Release|Any CPU
		{B00518C5-E239-4C3C-9FCC-B773421E1E6C}.Release|x64.Build.0 = Release|Any CPU
		{B00518C5-E239-4C3C-9FCC-B773421E1E6C}.Release|x86.ActiveCfg = Release|Any CPU
		{B00518C5-E239-4C3C-9FCC-B773421E1E6C}.Release|x86.Build.0 = Release|Any CPU
		{FA2ACC5D-3812-4A5D-BBE4-E76619FF9CA6}.Debug|Any CPU.ActiveCfg = Debug|Any CPU
		{FA2ACC5D-3812-4A5D-BBE4-E76619FF9CA6}.Debug|Any CPU.Build.0 = Debug|Any CPU
		{FA2ACC5D-3812-4A5D-BBE4-E76619FF9CA6}.Debug|x64.ActiveCfg = Debug|Any CPU
		{FA2ACC5D-3812-4A5D-BBE4-E76619FF9CA6}.Debug|x64.Build.0 = Debug|Any CPU
		{FA2ACC5D-3812-4A5D-BBE4-E76619FF9CA6}.Debug|x86.ActiveCfg = Debug|Any CPU
		{FA2ACC5D-3812-4A5D-BBE4-E76619FF9CA6}.Debug|x86.Build.0 = Debug|Any CPU
		{FA2ACC5D-3812-4A5D-BBE4-E76619FF9CA6}.Release|Any CPU.ActiveCfg = Release|Any CPU
		{FA2ACC5D-3812-4A5D-BBE4-E76619FF9CA6}.Release|Any CPU.Build.0 = Release|Any CPU
		{FA2ACC5D-3812-4A5D-BBE4-E76619FF9CA6}.Release|x64.ActiveCfg = Release|Any CPU
		{FA2ACC5D-3812-4A5D-BBE4-E76619FF9CA6}.Release|x64.Build.0 = Release|Any CPU
		{FA2ACC5D-3812-4A5D-BBE4-E76619FF9CA6}.Release|x86.ActiveCfg = Release|Any CPU
		{FA2ACC5D-3812-4A5D-BBE4-E76619FF9CA6}.Release|x86.Build.0 = Release|Any CPU
		{8A6F4B5A-5E32-4C41-AAC6-F9B1882D5C37}.Debug|Any CPU.ActiveCfg = Debug|Any CPU
		{8A6F4B5A-5E32-4C41-AAC6-F9B1882D5C37}.Debug|Any CPU.Build.0 = Debug|Any CPU
		{8A6F4B5A-5E32-4C41-AAC6-F9B1882D5C37}.Debug|x64.ActiveCfg = Debug|Any CPU
		{8A6F4B5A-5E32-4C41-AAC6-F9B1882D5C37}.Debug|x64.Build.0 = Debug|Any CPU
		{8A6F4B5A-5E32-4C41-AAC6-F9B1882D5C37}.Debug|x86.ActiveCfg = Debug|Any CPU
		{8A6F4B5A-5E32-4C41-AAC6-F9B1882D5C37}.Debug|x86.Build.0 = Debug|Any CPU
		{8A6F4B5A-5E32-4C41-AAC6-F9B1882D5C37}.Release|Any CPU.ActiveCfg = Release|Any CPU
		{8A6F4B5A-5E32-4C41-AAC6-F9B1882D5C37}.Release|Any CPU.Build.0 = Release|Any CPU
		{8A6F4B5A-5E32-4C41-AAC6-F9B1882D5C37}.Release|x64.ActiveCfg = Release|Any CPU
		{8A6F4B5A-5E32-4C41-AAC6-F9B1882D5C37}.Release|x64.Build.0 = Release|Any CPU
		{8A6F4B5A-5E32-4C41-AAC6-F9B1882D5C37}.Release|x86.ActiveCfg = Release|Any CPU
		{8A6F4B5A-5E32-4C41-AAC6-F9B1882D5C37}.Release|x86.Build.0 = Release|Any CPU
		{9FDE3BC5-3FA0-4F77-80B1-EB65599B7186}.Debug|Any CPU.ActiveCfg = Debug|Any CPU
		{9FDE3BC5-3FA0-4F77-80B1-EB65599B7186}.Debug|Any CPU.Build.0 = Debug|Any CPU
		{9FDE3BC5-3FA0-4F77-80B1-EB65599B7186}.Debug|x64.ActiveCfg = Debug|Any CPU
		{9FDE3BC5-3FA0-4F77-80B1-EB65599B7186}.Debug|x64.Build.0 = Debug|Any CPU
		{9FDE3BC5-3FA0-4F77-80B1-EB65599B7186}.Debug|x86.ActiveCfg = Debug|Any CPU
		{9FDE3BC5-3FA0-4F77-80B1-EB65599B7186}.Debug|x86.Build.0 = Debug|Any CPU
		{9FDE3BC5-3FA0-4F77-80B1-EB65599B7186}.Release|Any CPU.ActiveCfg = Release|Any CPU
		{9FDE3BC5-3FA0-4F77-80B1-EB65599B7186}.Release|Any CPU.Build.0 = Release|Any CPU
		{9FDE3BC5-3FA0-4F77-80B1-EB65599B7186}.Release|x64.ActiveCfg = Release|Any CPU
		{9FDE3BC5-3FA0-4F77-80B1-EB65599B7186}.Release|x64.Build.0 = Release|Any CPU
		{9FDE3BC5-3FA0-4F77-80B1-EB65599B7186}.Release|x86.ActiveCfg = Release|Any CPU
		{9FDE3BC5-3FA0-4F77-80B1-EB65599B7186}.Release|x86.Build.0 = Release|Any CPU
		{6F9E7D34-5632-4BE7-A5CF-0A9B4F15B195}.Debug|Any CPU.ActiveCfg = Debug|Any CPU
		{6F9E7D34-5632-4BE7-A5CF-0A9B4F15B195}.Debug|Any CPU.Build.0 = Debug|Any CPU
		{6F9E7D34-5632-4BE7-A5CF-0A9B4F15B195}.Debug|x64.ActiveCfg = Debug|Any CPU
		{6F9E7D34-5632-4BE7-A5CF-0A9B4F15B195}.Debug|x64.Build.0 = Debug|Any CPU
		{6F9E7D34-5632-4BE7-A5CF-0A9B4F15B195}.Debug|x86.ActiveCfg = Debug|Any CPU
		{6F9E7D34-5632-4BE7-A5CF-0A9B4F15B195}.Debug|x86.Build.0 = Debug|Any CPU
		{6F9E7D34-5632-4BE7-A5CF-0A9B4F15B195}.Release|Any CPU.ActiveCfg = Release|Any CPU
		{6F9E7D34-5632-4BE7-A5CF-0A9B4F15B195}.Release|Any CPU.Build.0 = Release|Any CPU
		{6F9E7D34-5632-4BE7-A5CF-0A9B4F15B195}.Release|x64.ActiveCfg = Release|Any CPU
		{6F9E7D34-5632-4BE7-A5CF-0A9B4F15B195}.Release|x64.Build.0 = Release|Any CPU
		{6F9E7D34-5632-4BE7-A5CF-0A9B4F15B195}.Release|x86.ActiveCfg = Release|Any CPU
		{6F9E7D34-5632-4BE7-A5CF-0A9B4F15B195}.Release|x86.Build.0 = Release|Any CPU
		{4EBF3F3C-1EC0-4F4D-A8F2-3940877F588E}.Debug|Any CPU.ActiveCfg = Debug|Any CPU
		{4EBF3F3C-1EC0-4F4D-A8F2-3940877F588E}.Debug|Any CPU.Build.0 = Debug|Any CPU
		{4EBF3F3C-1EC0-4F4D-A8F2-3940877F588E}.Debug|x64.ActiveCfg = Debug|Any CPU
		{4EBF3F3C-1EC0-4F4D-A8F2-3940877F588E}.Debug|x64.Build.0 = Debug|Any CPU
		{4EBF3F3C-1EC0-4F4D-A8F2-3940877F588E}.Debug|x86.ActiveCfg = Debug|Any CPU
		{4EBF3F3C-1EC0-4F4D-A8F2-3940877F588E}.Debug|x86.Build.0 = Debug|Any CPU
		{4EBF3F3C-1EC0-4F4D-A8F2-3940877F588E}.Release|Any CPU.ActiveCfg = Release|Any CPU
		{4EBF3F3C-1EC0-4F4D-A8F2-3940877F588E}.Release|Any CPU.Build.0 = Release|Any CPU
		{4EBF3F3C-1EC0-4F4D-A8F2-3940877F588E}.Release|x64.ActiveCfg = Release|Any CPU
		{4EBF3F3C-1EC0-4F4D-A8F2-3940877F588E}.Release|x64.Build.0 = Release|Any CPU
		{4EBF3F3C-1EC0-4F4D-A8F2-3940877F588E}.Release|x86.ActiveCfg = Release|Any CPU
		{4EBF3F3C-1EC0-4F4D-A8F2-3940877F588E}.Release|x86.Build.0 = Release|Any CPU
		{E2B62291-0D4C-4E8C-8B1E-3F7BE395C98C}.Debug|Any CPU.ActiveCfg = Debug|Any CPU
		{E2B62291-0D4C-4E8C-8B1E-3F7BE395C98C}.Debug|Any CPU.Build.0 = Debug|Any CPU
		{E2B62291-0D4C-4E8C-8B1E-3F7BE395C98C}.Debug|x64.ActiveCfg = Debug|Any CPU
		{E2B62291-0D4C-4E8C-8B1E-3F7BE395C98C}.Debug|x64.Build.0 = Debug|Any CPU
		{E2B62291-0D4C-4E8C-8B1E-3F7BE395C98C}.Debug|x86.ActiveCfg = Debug|Any CPU
		{E2B62291-0D4C-4E8C-8B1E-3F7BE395C98C}.Debug|x86.Build.0 = Debug|Any CPU
		{E2B62291-0D4C-4E8C-8B1E-3F7BE395C98C}.Release|Any CPU.ActiveCfg = Release|Any CPU
		{E2B62291-0D4C-4E8C-8B1E-3F7BE395C98C}.Release|Any CPU.Build.0 = Release|Any CPU
		{E2B62291-0D4C-4E8C-8B1E-3F7BE395C98C}.Release|x64.ActiveCfg = Release|Any CPU
		{E2B62291-0D4C-4E8C-8B1E-3F7BE395C98C}.Release|x64.Build.0 = Release|Any CPU
		{E2B62291-0D4C-4E8C-8B1E-3F7BE395C98C}.Release|x86.ActiveCfg = Release|Any CPU
		{E2B62291-0D4C-4E8C-8B1E-3F7BE395C98C}.Release|x86.Build.0 = Release|Any CPU
		{B74E81BE-73A1-4B21-882D-5F6F13BA7F2F}.Debug|Any CPU.ActiveCfg = Debug|Any CPU
		{B74E81BE-73A1-4B21-882D-5F6F13BA7F2F}.Debug|Any CPU.Build.0 = Debug|Any CPU
		{B74E81BE-73A1-4B21-882D-5F6F13BA7F2F}.Debug|x64.ActiveCfg = Debug|Any CPU
		{B74E81BE-73A1-4B21-882D-5F6F13BA7F2F}.Debug|x64.Build.0 = Debug|Any CPU
		{B74E81BE-73A1-4B21-882D-5F6F13BA7F2F}.Debug|x86.ActiveCfg = Debug|Any CPU
		{B74E81BE-73A1-4B21-882D-5F6F13BA7F2F}.Debug|x86.Build.0 = Debug|Any CPU
		{B74E81BE-73A1-4B21-882D-5F6F13BA7F2F}.Release|Any CPU.ActiveCfg = Release|Any CPU
		{B74E81BE-73A1-4B21-882D-5F6F13BA7F2F}.Release|Any CPU.Build.0 = Release|Any CPU
		{B74E81BE-73A1-4B21-882D-5F6F13BA7F2F}.Release|x64.ActiveCfg = Release|Any CPU
		{B74E81BE-73A1-4B21-882D-5F6F13BA7F2F}.Release|x64.Build.0 = Release|Any CPU
		{B74E81BE-73A1-4B21-882D-5F6F13BA7F2F}.Release|x86.ActiveCfg = Release|Any CPU
		{B74E81BE-73A1-4B21-882D-5F6F13BA7F2F}.Release|x86.Build.0 = Release|Any CPU
	EndGlobalSection
	GlobalSection(SolutionProperties) = preSolution
		HideSolutionNode = FALSE
	EndGlobalSection
	GlobalSection(NestedProjects) = preSolution
		{90298CBA-BD6F-3A0A-69D5-97CAD7B05E7E} = {827E0CD3-B72D-47B6-A68D-7590B98EB39B}
		{6A36946C-4F06-BE70-24E6-0B0F125A7F9F} = {90298CBA-BD6F-3A0A-69D5-97CAD7B05E7E}
		{8D2723A3-4694-4410-8095-E4136A866A4C} = {6A36946C-4F06-BE70-24E6-0B0F125A7F9F}
		{B5CBECA7-744E-44A3-865E-2201B6A57807} = {6A36946C-4F06-BE70-24E6-0B0F125A7F9F}
		{B00518C5-E239-4C3C-9FCC-B773421E1E6C} = {6A36946C-4F06-BE70-24E6-0B0F125A7F9F}
		{FA2ACC5D-3812-4A5D-BBE4-E76619FF9CA6} = {6A36946C-4F06-BE70-24E6-0B0F125A7F9F}
		{D0F6299E-1790-4CA6-8E91-3B2AD1C1F3E6} = {827E0CD3-B72D-47B6-A68D-7590B98EB39B}
		{2A0F6A5F-4817-48B3-86C1-8F3FDC0B6161} = {D0F6299E-1790-4CA6-8E91-3B2AD1C1F3E6}
		{8A6F4B5A-5E32-4C41-AAC6-F9B1882D5C37} = {2A0F6A5F-4817-48B3-86C1-8F3FDC0B6161}
		{9FDE3BC5-3FA0-4F77-80B1-EB65599B7186} = {2A0F6A5F-4817-48B3-86C1-8F3FDC0B6161}
		{6F9E7D34-5632-4BE7-A5CF-0A9B4F15B195} = {2A0F6A5F-4817-48B3-86C1-8F3FDC0B6161}
		{4EBF3F3C-1EC0-4F4D-A8F2-3940877F588E} = {2A0F6A5F-4817-48B3-86C1-8F3FDC0B6161}
		{E2B62291-0D4C-4E8C-8B1E-3F7BE395C98C} = {827E0CD3-B72D-47B6-A68D-7590B98EB39B}
		{B74E81BE-73A1-4B21-882D-5F6F13BA7F2F} = {827E0CD3-B72D-47B6-A68D-7590B98EB39B}
	EndGlobalSection
EndGlobal
